
Microsoft Visual Studio Solution File, Format Version 12.00
# Visual Studio Version 17
VisualStudioVersion = 17.0.31903.59
MinimumVisualStudioVersion = 10.0.40219.1
Project("{2150E333-8FDC-42A3-9474-1A3956D46DE8}") = "src", "src", "{4194F59A-6D6B-4651-B133-3FE6081BF1F9}"
EndProject
Project("{2150E333-8FDC-42A3-9474-1A3956D46DE8}") = "common", "common", "{0F5944E2-178A-44BF-8A09-29CAD668764A}"
EndProject
Project("{9A19103F-16F7-4668-BE54-9A1E7A4F7556}") = "LibplanetConsole.Seeds", "src\common\LibplanetConsole.Seeds\LibplanetConsole.Seeds.csproj", "{E91A50E1-2E90-446B-BDB0-D88E0F153290}"
EndProject
Project("{2150E333-8FDC-42A3-9474-1A3956D46DE8}") = "console", "console", "{CAB76DA9-6E57-4422-98C6-DD2D6299F675}"
EndProject
Project("{9A19103F-16F7-4668-BE54-9A1E7A4F7556}") = "LibplanetConsole.Consoles", "src\console\LibplanetConsole.Consoles\LibplanetConsole.Consoles.csproj", "{7B2D3BF1-A244-4868-A6B7-B717DB7BCAA2}"
EndProject
Project("{2150E333-8FDC-42A3-9474-1A3956D46DE8}") = "test", "test", "{56942891-CFBD-41E4-8881-47F455D7BEFD}"
EndProject
Project("{9A19103F-16F7-4668-BE54-9A1E7A4F7556}") = "LibplanetConsole.Tests", "test\LibplanetConsole.Tests\LibplanetConsole.Tests.csproj", "{8F43268F-B73B-4737-8C2F-D74F066FA09A}"
EndProject
Project("{9A19103F-16F7-4668-BE54-9A1E7A4F7556}") = "LibplanetConsole.Common", "src\common\LibplanetConsole.Common\LibplanetConsole.Common.csproj", "{EE8624C9-0976-4F28-8AE4-5D217D33D5BF}"
EndProject
Project("{9A19103F-16F7-4668-BE54-9A1E7A4F7556}") = "LibplanetConsole.Frameworks", "src\common\LibplanetConsole.Frameworks\LibplanetConsole.Frameworks.csproj", "{8F93F8B9-D885-4D41-8DC2-D74AFF5691A3}"
EndProject
Project("{2150E333-8FDC-42A3-9474-1A3956D46DE8}") = "node", "node", "{4A8F8EE9-769C-4C97-89BC-19D038E69998}"
EndProject
Project("{2150E333-8FDC-42A3-9474-1A3956D46DE8}") = "client", "client", "{1DEAA4CE-E29B-4379-BAF6-20B79A5946CB}"
EndProject
Project("{9A19103F-16F7-4668-BE54-9A1E7A4F7556}") = "LibplanetConsole.Consoles.Executable", "src\console\LibplanetConsole.Consoles.Executable\LibplanetConsole.Consoles.Executable.csproj", "{4A3CD9CD-C5C5-43EF-9EB6-91E1386B6FCA}"
EndProject
Project("{9A19103F-16F7-4668-BE54-9A1E7A4F7556}") = "LibplanetConsole.Clients.Executable", "src\client\LibplanetConsole.Clients.Executable\LibplanetConsole.Clients.Executable.csproj", "{B5AEBA31-6069-491B-8310-8F14BFF72F33}"
EndProject
Project("{9A19103F-16F7-4668-BE54-9A1E7A4F7556}") = "LibplanetConsole.Clients", "src\client\LibplanetConsole.Clients\LibplanetConsole.Clients.csproj", "{8749087F-5DE0-46AB-82D6-5009B3D9E2AF}"
EndProject
Project("{9A19103F-16F7-4668-BE54-9A1E7A4F7556}") = "LibplanetConsole.Nodes.Executable", "src\node\LibplanetConsole.Nodes.Executable\LibplanetConsole.Nodes.Executable.csproj", "{F5DCB11A-EA32-441A-AF34-B66359C3EA50}"
EndProject
Project("{9A19103F-16F7-4668-BE54-9A1E7A4F7556}") = "LibplanetConsole.Nodes", "src\node\LibplanetConsole.Nodes\LibplanetConsole.Nodes.csproj", "{217938CF-B2B8-41BB-A193-475430421265}"
EndProject
Project("{D954291E-2A0B-460D-934E-DC6B0785DB48}") = "LibplanetConsole.Clients.Sharing", "src\shared\LibplanetConsole.Clients.Sharing\LibplanetConsole.Clients.Sharing.shproj", "{2FFED165-D285-415D-B421-64D41B5199D0}"
EndProject
Project("{D954291E-2A0B-460D-934E-DC6B0785DB48}") = "LibplanetConsole.Nodes.Sharing", "src\shared\LibplanetConsole.Nodes.Sharing\LibplanetConsole.Nodes.Sharing.shproj", "{F656916C-C43A-4427-BD74-8742401B2D29}"
EndProject
Project("{9A19103F-16F7-4668-BE54-9A1E7A4F7556}") = "LibplanetConsole.Nodes.Examples", "src\node\LibplanetConsole.Nodes.Examples\LibplanetConsole.Nodes.Examples.csproj", "{6ECDC75B-1B38-4480-AD15-CE0F330CD70B}"
EndProject
Project("{9A19103F-16F7-4668-BE54-9A1E7A4F7556}") = "LibplanetConsole.Clients.Examples", "src\client\LibplanetConsole.Clients.Examples\LibplanetConsole.Clients.Examples.csproj", "{2CA203CA-1980-4B11-82E1-0E5812D86C63}"
EndProject
Project("{9A19103F-16F7-4668-BE54-9A1E7A4F7556}") = "LibplanetConsole.Consoles.Examples", "src\console\LibplanetConsole.Consoles.Examples\LibplanetConsole.Consoles.Examples.csproj", "{ACE75CD7-E4FD-4B9E-943E-EF3BB11DECDF}"
EndProject
Project("{2150E333-8FDC-42A3-9474-1A3956D46DE8}") = "shared", "shared", "{480BDA5A-FA96-4097-9E20-3841831413BB}"
EndProject
Project("{D954291E-2A0B-460D-934E-DC6B0785DB48}") = "LibplanetConsole.Examples.Sharing", "src\shared\LibplanetConsole.Examples.Sharing\LibplanetConsole.Examples.Sharing.shproj", "{1ACB9269-98AD-4E25-9DEA-F27150A38084}"
EndProject
Global
	GlobalSection(SolutionConfigurationPlatforms) = preSolution
		Debug|Any CPU = Debug|Any CPU
		Release|Any CPU = Release|Any CPU
	EndGlobalSection
	GlobalSection(ProjectConfigurationPlatforms) = postSolution
		{E91A50E1-2E90-446B-BDB0-D88E0F153290}.Debug|Any CPU.ActiveCfg = Debug|Any CPU
		{E91A50E1-2E90-446B-BDB0-D88E0F153290}.Debug|Any CPU.Build.0 = Debug|Any CPU
		{E91A50E1-2E90-446B-BDB0-D88E0F153290}.Release|Any CPU.ActiveCfg = Release|Any CPU
		{E91A50E1-2E90-446B-BDB0-D88E0F153290}.Release|Any CPU.Build.0 = Release|Any CPU
		{7B2D3BF1-A244-4868-A6B7-B717DB7BCAA2}.Debug|Any CPU.ActiveCfg = Debug|Any CPU
		{7B2D3BF1-A244-4868-A6B7-B717DB7BCAA2}.Debug|Any CPU.Build.0 = Debug|Any CPU
		{7B2D3BF1-A244-4868-A6B7-B717DB7BCAA2}.Release|Any CPU.ActiveCfg = Release|Any CPU
		{7B2D3BF1-A244-4868-A6B7-B717DB7BCAA2}.Release|Any CPU.Build.0 = Release|Any CPU
		{8F43268F-B73B-4737-8C2F-D74F066FA09A}.Debug|Any CPU.ActiveCfg = Debug|Any CPU
		{8F43268F-B73B-4737-8C2F-D74F066FA09A}.Debug|Any CPU.Build.0 = Debug|Any CPU
		{8F43268F-B73B-4737-8C2F-D74F066FA09A}.Release|Any CPU.ActiveCfg = Release|Any CPU
		{8F43268F-B73B-4737-8C2F-D74F066FA09A}.Release|Any CPU.Build.0 = Release|Any CPU
		{EE8624C9-0976-4F28-8AE4-5D217D33D5BF}.Debug|Any CPU.ActiveCfg = Debug|Any CPU
		{EE8624C9-0976-4F28-8AE4-5D217D33D5BF}.Debug|Any CPU.Build.0 = Debug|Any CPU
		{EE8624C9-0976-4F28-8AE4-5D217D33D5BF}.Release|Any CPU.ActiveCfg = Release|Any CPU
		{EE8624C9-0976-4F28-8AE4-5D217D33D5BF}.Release|Any CPU.Build.0 = Release|Any CPU
		{8F93F8B9-D885-4D41-8DC2-D74AFF5691A3}.Debug|Any CPU.ActiveCfg = Debug|Any CPU
		{8F93F8B9-D885-4D41-8DC2-D74AFF5691A3}.Debug|Any CPU.Build.0 = Debug|Any CPU
		{8F93F8B9-D885-4D41-8DC2-D74AFF5691A3}.Release|Any CPU.ActiveCfg = Release|Any CPU
		{8F93F8B9-D885-4D41-8DC2-D74AFF5691A3}.Release|Any CPU.Build.0 = Release|Any CPU
		{4A3CD9CD-C5C5-43EF-9EB6-91E1386B6FCA}.Debug|Any CPU.ActiveCfg = Debug|Any CPU
		{4A3CD9CD-C5C5-43EF-9EB6-91E1386B6FCA}.Debug|Any CPU.Build.0 = Debug|Any CPU
		{4A3CD9CD-C5C5-43EF-9EB6-91E1386B6FCA}.Release|Any CPU.ActiveCfg = Release|Any CPU
		{4A3CD9CD-C5C5-43EF-9EB6-91E1386B6FCA}.Release|Any CPU.Build.0 = Release|Any CPU
		{B5AEBA31-6069-491B-8310-8F14BFF72F33}.Debug|Any CPU.ActiveCfg = Debug|Any CPU
		{B5AEBA31-6069-491B-8310-8F14BFF72F33}.Debug|Any CPU.Build.0 = Debug|Any CPU
		{B5AEBA31-6069-491B-8310-8F14BFF72F33}.Release|Any CPU.ActiveCfg = Release|Any CPU
		{B5AEBA31-6069-491B-8310-8F14BFF72F33}.Release|Any CPU.Build.0 = Release|Any CPU
		{8749087F-5DE0-46AB-82D6-5009B3D9E2AF}.Debug|Any CPU.ActiveCfg = Debug|Any CPU
		{8749087F-5DE0-46AB-82D6-5009B3D9E2AF}.Debug|Any CPU.Build.0 = Debug|Any CPU
		{8749087F-5DE0-46AB-82D6-5009B3D9E2AF}.Release|Any CPU.ActiveCfg = Release|Any CPU
		{8749087F-5DE0-46AB-82D6-5009B3D9E2AF}.Release|Any CPU.Build.0 = Release|Any CPU
		{F5DCB11A-EA32-441A-AF34-B66359C3EA50}.Debug|Any CPU.ActiveCfg = Debug|Any CPU
		{F5DCB11A-EA32-441A-AF34-B66359C3EA50}.Debug|Any CPU.Build.0 = Debug|Any CPU
		{F5DCB11A-EA32-441A-AF34-B66359C3EA50}.Release|Any CPU.ActiveCfg = Release|Any CPU
		{F5DCB11A-EA32-441A-AF34-B66359C3EA50}.Release|Any CPU.Build.0 = Release|Any CPU
		{217938CF-B2B8-41BB-A193-475430421265}.Debug|Any CPU.ActiveCfg = Debug|Any CPU
		{217938CF-B2B8-41BB-A193-475430421265}.Debug|Any CPU.Build.0 = Debug|Any CPU
		{217938CF-B2B8-41BB-A193-475430421265}.Release|Any CPU.ActiveCfg = Release|Any CPU
		{217938CF-B2B8-41BB-A193-475430421265}.Release|Any CPU.Build.0 = Release|Any CPU
		{6ECDC75B-1B38-4480-AD15-CE0F330CD70B}.Debug|Any CPU.ActiveCfg = Debug|Any CPU
		{6ECDC75B-1B38-4480-AD15-CE0F330CD70B}.Debug|Any CPU.Build.0 = Debug|Any CPU
		{6ECDC75B-1B38-4480-AD15-CE0F330CD70B}.Release|Any CPU.ActiveCfg = Release|Any CPU
		{6ECDC75B-1B38-4480-AD15-CE0F330CD70B}.Release|Any CPU.Build.0 = Release|Any CPU
		{2CA203CA-1980-4B11-82E1-0E5812D86C63}.Debug|Any CPU.ActiveCfg = Debug|Any CPU
		{2CA203CA-1980-4B11-82E1-0E5812D86C63}.Debug|Any CPU.Build.0 = Debug|Any CPU
		{2CA203CA-1980-4B11-82E1-0E5812D86C63}.Release|Any CPU.ActiveCfg = Release|Any CPU
		{2CA203CA-1980-4B11-82E1-0E5812D86C63}.Release|Any CPU.Build.0 = Release|Any CPU
		{ACE75CD7-E4FD-4B9E-943E-EF3BB11DECDF}.Debug|Any CPU.ActiveCfg = Debug|Any CPU
		{ACE75CD7-E4FD-4B9E-943E-EF3BB11DECDF}.Debug|Any CPU.Build.0 = Debug|Any CPU
		{ACE75CD7-E4FD-4B9E-943E-EF3BB11DECDF}.Release|Any CPU.ActiveCfg = Release|Any CPU
		{ACE75CD7-E4FD-4B9E-943E-EF3BB11DECDF}.Release|Any CPU.Build.0 = Release|Any CPU
	EndGlobalSection
	GlobalSection(SolutionProperties) = preSolution
		HideSolutionNode = FALSE
	EndGlobalSection
	GlobalSection(NestedProjects) = preSolution
		{0F5944E2-178A-44BF-8A09-29CAD668764A} = {4194F59A-6D6B-4651-B133-3FE6081BF1F9}
		{E91A50E1-2E90-446B-BDB0-D88E0F153290} = {0F5944E2-178A-44BF-8A09-29CAD668764A}
		{CAB76DA9-6E57-4422-98C6-DD2D6299F675} = {4194F59A-6D6B-4651-B133-3FE6081BF1F9}
		{7B2D3BF1-A244-4868-A6B7-B717DB7BCAA2} = {CAB76DA9-6E57-4422-98C6-DD2D6299F675}
		{8F43268F-B73B-4737-8C2F-D74F066FA09A} = {56942891-CFBD-41E4-8881-47F455D7BEFD}
		{EE8624C9-0976-4F28-8AE4-5D217D33D5BF} = {0F5944E2-178A-44BF-8A09-29CAD668764A}
		{8F93F8B9-D885-4D41-8DC2-D74AFF5691A3} = {0F5944E2-178A-44BF-8A09-29CAD668764A}
		{4A8F8EE9-769C-4C97-89BC-19D038E69998} = {4194F59A-6D6B-4651-B133-3FE6081BF1F9}
		{1DEAA4CE-E29B-4379-BAF6-20B79A5946CB} = {4194F59A-6D6B-4651-B133-3FE6081BF1F9}
		{4A3CD9CD-C5C5-43EF-9EB6-91E1386B6FCA} = {CAB76DA9-6E57-4422-98C6-DD2D6299F675}
		{B5AEBA31-6069-491B-8310-8F14BFF72F33} = {1DEAA4CE-E29B-4379-BAF6-20B79A5946CB}
		{8749087F-5DE0-46AB-82D6-5009B3D9E2AF} = {1DEAA4CE-E29B-4379-BAF6-20B79A5946CB}
		{F5DCB11A-EA32-441A-AF34-B66359C3EA50} = {4A8F8EE9-769C-4C97-89BC-19D038E69998}
		{217938CF-B2B8-41BB-A193-475430421265} = {4A8F8EE9-769C-4C97-89BC-19D038E69998}
		{2FFED165-D285-415D-B421-64D41B5199D0} = {480BDA5A-FA96-4097-9E20-3841831413BB}
		{F656916C-C43A-4427-BD74-8742401B2D29} = {480BDA5A-FA96-4097-9E20-3841831413BB}
		{6ECDC75B-1B38-4480-AD15-CE0F330CD70B} = {4A8F8EE9-769C-4C97-89BC-19D038E69998}
		{2CA203CA-1980-4B11-82E1-0E5812D86C63} = {1DEAA4CE-E29B-4379-BAF6-20B79A5946CB}
		{ACE75CD7-E4FD-4B9E-943E-EF3BB11DECDF} = {CAB76DA9-6E57-4422-98C6-DD2D6299F675}
		{480BDA5A-FA96-4097-9E20-3841831413BB} = {4194F59A-6D6B-4651-B133-3FE6081BF1F9}
		{1ACB9269-98AD-4E25-9DEA-F27150A38084} = {480BDA5A-FA96-4097-9E20-3841831413BB}
	EndGlobalSection
	GlobalSection(ExtensibilityGlobals) = postSolution
		SolutionGuid = {3227501A-47F1-4FA6-A69C-B5801260FEC9}
	EndGlobalSection
	GlobalSection(SharedMSBuildProjectFiles) = preSolution
		src\shared\LibplanetConsole.Nodes.Sharing\LibplanetConsole.Nodes.Sharing.projitems*{217938cf-b2b8-41bb-a193-475430421265}*SharedItemsImports = 5
		src\shared\LibplanetConsole.Examples.Sharing\LibplanetConsole.Examples.Sharing.projitems*{2ca203ca-1980-4b11-82e1-0e5812d86c63}*SharedItemsImports = 5
		src\shared\LibplanetConsole.Clients.Sharing\LibplanetConsole.Clients.Sharing.projitems*{2ffed165-d285-415d-b421-64d41b5199d0}*SharedItemsImports = 13
		src\shared\LibplanetConsole.Examples.Sharing\LibplanetConsole.Examples.Sharing.projitems*{6ecdc75b-1b38-4480-ad15-ce0f330cd70b}*SharedItemsImports = 5
		src\shared\LibplanetConsole.Clients.Sharing\LibplanetConsole.Clients.Sharing.projitems*{7b2d3bf1-a244-4868-a6b7-b717db7bcaa2}*SharedItemsImports = 5
		src\shared\LibplanetConsole.Nodes.Sharing\LibplanetConsole.Nodes.Sharing.projitems*{7b2d3bf1-a244-4868-a6b7-b717db7bcaa2}*SharedItemsImports = 5
		src\shared\LibplanetConsole.Clients.Sharing\LibplanetConsole.Clients.Sharing.projitems*{8749087f-5de0-46ab-82d6-5009b3d9e2af}*SharedItemsImports = 5
		src\shared\LibplanetConsole.Nodes.Sharing\LibplanetConsole.Nodes.Sharing.projitems*{8749087f-5de0-46ab-82d6-5009b3d9e2af}*SharedItemsImports = 5
		src\shared\LibplanetConsole.Examples.Sharing\LibplanetConsole.Examples.Sharing.projitems*{ace75cd7-e4fd-4b9e-943e-ef3bb11decdf}*SharedItemsImports = 5
		src\shared\LibplanetConsole.Nodes.Sharing\LibplanetConsole.Nodes.Sharing.projitems*{f656916c-c43a-4427-bd74-8742401b2d29}*SharedItemsImports = 13
	EndGlobalSection
EndGlobal
